lockfileVersion: '9.0'

settings:
  autoInstallPeers: true
  excludeLinksFromLockfile: false

importers:

  .:
    devDependencies:
      '@biomejs/biome':
        specifier: ^1.9.4
        version: 1.9.4
      '@changesets/cli':
        specifier: ^2.27.12
        version: 2.27.12
      '@rollup/plugin-commonjs':
        specifier: ^28.0.3
        version: 28.0.3(rollup@4.36.0)
      '@rollup/plugin-json':
        specifier: ^6.1.0
        version: 6.1.0(rollup@4.36.0)
      '@rollup/plugin-node-resolve':
        specifier: ^16.0.1
        version: 16.0.1(rollup@4.36.0)
      '@rollup/plugin-typescript':
        specifier: ^12.1.2
        version: 12.1.2(rollup@4.36.0)(tslib@2.8.1)(typescript@5.7.2)
      '@types/node':
        specifier: ^22.10.2
        version: 22.10.7
      '@typescript-eslint/eslint-plugin':
        specifier: ^8.18.2
        version: 8.19.0(@typescript-eslint/parser@8.19.0(eslint@8.57.1)(typescript@5.7.2))(eslint@8.57.1)(typescript@5.7.2)
      '@typescript-eslint/parser':
        specifier: ^8.18.2
        version: 8.19.0(eslint@8.57.1)(typescript@5.7.2)
      eslint:
        specifier: ^8.56.0
        version: 8.57.1
      eslint-config-prettier:
        specifier: ^9.1.0
        version: 9.1.0(eslint@8.57.1)
      eslint-plugin-prettier:
        specifier: ^5.2.1
        version: 5.2.2(eslint-config-prettier@9.1.0(eslint@8.57.1))(eslint@8.57.1)(prettier@3.5.3)
      husky:
        specifier: ^9.1.7
        version: 9.1.7
      lint-staged:
        specifier: ^15.3.0
        version: 15.4.1
      rollup:
        specifier: ^4.36.0
        version: 4.36.0
      rollup-plugin-copy:
        specifier: ^3.5.0
        version: 3.5.0
      rollup-plugin-dts:
        specifier: ^6.2.1
        version: 6.2.1(rollup@4.36.0)(typescript@5.7.2)
      tsup:
        specifier: ^8.4.0
        version: 8.4.0(jiti@2.4.2)(postcss@8.5.3)(tsx@4.19.2)(typescript@5.7.2)(yaml@2.7.1)
      tsx:
        specifier: ^4.19.2
        version: 4.19.2
      turbo:
        specifier: ^2.3.4
        version: 2.3.4
      typedoc:
        specifier: ^0.28.2
        version: 0.28.2(typescript@5.7.2)
      typedoc-plugin-markdown:
        specifier: ^4.6.2
        version: 4.6.2(typedoc@0.28.2(typescript@5.7.2))
      typescript:
        specifier: ^5.7.2
        version: 5.7.2

  packages/adapter-mcp:
    dependencies:
      '@modelcontextprotocol/sdk':
        specifier: ^1.7.0
        version: 1.7.0
      solana-agent-kit:
        specifier: workspace:*
        version: link:../core
      zod:
        specifier: ^3.24.1
        version: 3.24.1

  packages/core:
    dependencies:
      '@langchain/core':
        specifier: ^0.3.44
        version: 0.3.44(openai@4.93.0(encoding@0.1.13)(ws@7.5.10(bufferutil@4.0.9)(utf-8-validate@5.0.10))(zod@3.24.1))
      '@solana/web3.js':
        specifier: ^1.98.0
        version: 1.98.0(bufferutil@4.0.9)(encoding@0.1.13)(utf-8-validate@5.0.10)
      ai:
        specifier: ^4.1.5
        version: 4.1.5(react@19.0.0)(zod@3.24.1)
      bs58:
        specifier: ^6.0.0
        version: 6.0.0
      rpc-websockets:
        specifier: ^10.0.0
        version: 10.0.0
      tweetnacl:
        specifier: ^1.0.3
        version: 1.0.3
      zod:
        specifier: ^3.24.1
        version: 3.24.1
    devDependencies:
      '@types/node':
        specifier: ^22.10.2
        version: 22.10.7
      '@typescript-eslint/eslint-plugin':
        specifier: ^8.18.2
        version: 8.19.0(@typescript-eslint/parser@8.19.0(eslint@8.57.1)(typescript@5.7.2))(eslint@8.57.1)(typescript@5.7.2)
      '@typescript-eslint/parser':
        specifier: ^8.18.2
        version: 8.19.0(eslint@8.57.1)(typescript@5.7.2)
      eslint:
        specifier: ^8.56.0
        version: 8.57.1
      eslint-config-prettier:
        specifier: ^9.1.0
        version: 9.1.0(eslint@8.57.1)
      eslint-plugin-prettier:
        specifier: ^5.2.1
        version: 5.2.2(eslint-config-prettier@9.1.0(eslint@8.57.1))(eslint@8.57.1)(prettier@3.4.2)
      husky:
        specifier: ^9.1.7
        version: 9.1.7
      lint-staged:
        specifier: ^15.3.0
        version: 15.4.1
      prettier:
        specifier: ^3.4.2
        version: 3.4.2
      tsx:
        specifier: ^4.19.2
        version: 4.19.2
      turbo:
        specifier: ^1.12.4
        version: 1.13.4
      typescript:
        specifier: ^5.3.3
        version: 5.7.2

  packages/plugin-blinks:
    dependencies:
      '@solana/web3.js':
        specifier: ^1.98.0
        version: 1.98.0(bufferutil@4.0.9)(encoding@0.1.13)(utf-8-validate@5.0.10)
      rpc-websockets:
        specifier: ^10.0.0
        version: 10.0.0
      solana-agent-kit:
        specifier: workspace:*
        version: link:../core
      zod:
        specifier: ^3.24.1
        version: 3.24.1

  packages/plugin-defi:
    dependencies:
      '@cks-systems/manifest-sdk':
        specifier: ^0.2.3
        version: 0.2.3(bufferutil@4.0.9)(encoding@0.1.13)(fastestsmallesttextencoderdecoder@1.0.22)(typescript@5.6.3)(utf-8-validate@5.0.10)
      '@coral-xyz/anchor':
        specifier: ^0.29.0
        version: 0.29.0(bufferutil@4.0.9)(encoding@0.1.13)(utf-8-validate@5.0.10)
      '@drift-labs/sdk':
        specifier: 2.108.0-beta.6
        version: 2.108.0-beta.6(bufferutil@4.0.9)(encoding@0.1.13)(fastestsmallesttextencoderdecoder@1.0.22)(typescript@5.6.3)(utf-8-validate@5.0.10)
      '@drift-labs/vaults-sdk':
        specifier: ^0.3.4
        version: 0.3.4(@types/node@20.17.16)(arweave@1.15.5)(bufferutil@4.0.9)(encoding@0.1.13)(fastestsmallesttextencoderdecoder@1.0.22)(utf-8-validate@5.0.10)
      '@mercurial-finance/dynamic-amm-sdk':
        specifier: ^1.1.23
        version: 1.1.23(@solana/buffer-layout@4.0.1)(bufferutil@4.0.9)(encoding@0.1.13)(fastestsmallesttextencoderdecoder@1.0.22)(typescript@5.6.3)(utf-8-validate@5.0.10)
      '@meteora-ag/dlmm':
        specifier: ^1.3.9
        version: 1.3.9(bufferutil@4.0.9)(encoding@0.1.13)(fastestsmallesttextencoderdecoder@1.0.22)(typescript@5.6.3)(utf-8-validate@5.0.10)
      '@orca-so/common-sdk':
        specifier: 0.6.5-beta.3
        version: 0.6.5-beta.3(@solana/spl-token@0.4.9(@solana/web3.js@1.98.0(bufferutil@4.0.9)(encoding@0.1.13)(utf-8-validate@5.0.10))(bufferutil@4.0.9)(encoding@0.1.13)(fastestsmallesttextencoderdecoder@1.0.22)(typescript@5.6.3)(utf-8-validate@5.0.10))(@solana/web3.js@1.98.0(bufferutil@4.0.9)(encoding@0.1.13)(utf-8-validate@5.0.10))(decimal.js@10.5.0)
      '@orca-so/whirlpools-sdk':
        specifier: ^0.13.13
        version: 0.13.13(@coral-xyz/anchor@0.29.0(bufferutil@4.0.9)(encoding@0.1.13)(utf-8-validate@5.0.10))(@orca-so/common-sdk@0.6.5-beta.3(@solana/spl-token@0.4.9(@solana/web3.js@1.98.0(bufferutil@4.0.9)(encoding@0.1.13)(utf-8-validate@5.0.10))(bufferutil@4.0.9)(encoding@0.1.13)(fastestsmallesttextencoderdecoder@1.0.22)(typescript@5.6.3)(utf-8-validate@5.0.10))(@solana/web3.js@1.98.0(bufferutil@4.0.9)(encoding@0.1.13)(utf-8-validate@5.0.10))(decimal.js@10.5.0))(@solana/spl-token@0.4.9(@solana/web3.js@1.98.0(bufferutil@4.0.9)(encoding@0.1.13)(utf-8-validate@5.0.10))(bufferutil@4.0.9)(encoding@0.1.13)(fastestsmallesttextencoderdecoder@1.0.22)(typescript@5.6.3)(utf-8-validate@5.0.10))(@solana/web3.js@1.98.0(bufferutil@4.0.9)(encoding@0.1.13)(utf-8-validate@5.0.10))(decimal.js@10.5.0)
      '@pythnetwork/hermes-client':
        specifier: ^1.3.1
        version: 1.3.1(axios@1.8.4)
      '@raydium-io/raydium-sdk-v2':
        specifier: 0.1.106-alpha
        version: 0.1.106-alpha(bufferutil@4.0.9)(encoding@0.1.13)(fastestsmallesttextencoderdecoder@1.0.22)(typescript@5.6.3)(utf-8-validate@5.0.10)
      '@solana/codecs':
        specifier: ^2.1.0
        version: 2.1.0(fastestsmallesttextencoderdecoder@1.0.22)(typescript@5.6.3)
      '@solana/spl-token':
        specifier: ^0.4.9
        version: 0.4.9(@solana/web3.js@1.98.0(bufferutil@4.0.9)(encoding@0.1.13)(utf-8-validate@5.0.10))(bufferutil@4.0.9)(encoding@0.1.13)(fastestsmallesttextencoderdecoder@1.0.22)(typescript@5.6.3)(utf-8-validate@5.0.10)
      '@solana/web3.js':
        specifier: ^1.98.0
        version: 1.98.0(bufferutil@4.0.9)(encoding@0.1.13)(utf-8-validate@5.0.10)
      '@types/bn.js':
        specifier: ^5.1.6
        version: 5.1.6
      '@types/decimal.js':
        specifier: ^7.4.3
        version: 7.4.3
      '@voltr/vault-sdk':
        specifier: ^0.1.2
        version: 0.1.2(bufferutil@4.0.9)(encoding@0.1.13)(fastestsmallesttextencoderdecoder@1.0.22)(typescript@5.6.3)(utf-8-validate@5.0.10)
      bn.js:
        specifier: ^5.2.1
        version: 5.2.1
      bs58:
        specifier: ^6.0.0
        version: 6.0.0
      decimal.js:
        specifier: ^10.5.0
        version: 10.5.0
      flash-sdk:
        specifier: ^2.26.1
        version: 2.26.1(bufferutil@4.0.9)(encoding@0.1.13)(fastestsmallesttextencoderdecoder@1.0.22)(typescript@5.6.3)(utf-8-validate@5.0.10)
      redaxios:
        specifier: ^0.5.1
        version: 0.5.1
      rpc-websockets:
        specifier: ^10.0.0
        version: 10.0.0
      solana-agent-kit:
        specifier: workspace:*
        version: link:../core
      zod:
        specifier: ^3.24.1
        version: 3.24.1

  packages/plugin-misc:
    dependencies:
      '@alloralabs/allora-sdk':
        specifier: ^0.1.0
        version: 0.1.0
      '@bonfida/spl-name-service':
        specifier: ^3.0.8
        version: 3.0.8(@solana/web3.js@1.98.0(bufferutil@4.0.9)(encoding@0.1.13)(utf-8-validate@5.0.10))(bufferutil@4.0.9)(encoding@0.1.13)(fastestsmallesttextencoderdecoder@1.0.22)(typescript@5.7.3)(utf-8-validate@5.0.10)
      '@onsol/tldparser':
        specifier: ^0.6.7
        version: 0.6.7(@solana/web3.js@1.98.0(bufferutil@4.0.9)(encoding@0.1.13)(utf-8-validate@5.0.10))(bn.js@5.2.1)(borsh@2.0.0)(buffer@6.0.3)(bufferutil@4.0.9)(encoding@0.1.13)(utf-8-validate@5.0.10)
      '@solana/codecs':
        specifier: ^2.1.0
        version: 2.1.0(fastestsmallesttextencoderdecoder@1.0.22)(typescript@5.7.3)
      '@solana/spl-token':
        specifier: ^0.4.9
        version: 0.4.9(@solana/web3.js@1.98.0(bufferutil@4.0.9)(encoding@0.1.13)(utf-8-validate@5.0.10))(bufferutil@4.0.9)(encoding@0.1.13)(fastestsmallesttextencoderdecoder@1.0.22)(typescript@5.7.3)(utf-8-validate@5.0.10)
      '@solana/web3.js':
        specifier: ^1.98.0
        version: 1.98.0(bufferutil@4.0.9)(encoding@0.1.13)(utf-8-validate@5.0.10)
      '@solanafm/explorer-kit':
        specifier: ^1.2.0
        version: 1.2.0(bufferutil@4.0.9)(encoding@0.1.13)(utf-8-validate@5.0.10)
      '@solanafm/explorer-kit-idls':
        specifier: ^1.1.4
        version: 1.1.4(bufferutil@4.0.9)(encoding@0.1.13)(utf-8-validate@5.0.10)
      '@sqds/multisig':
        specifier: ^2.1.3
        version: 2.1.3(bufferutil@4.0.9)(encoding@0.1.13)(fastestsmallesttextencoderdecoder@1.0.22)(typescript@5.7.3)(utf-8-validate@5.0.10)
      '@switchboard-xyz/common':
        specifier: ^2.5.17
        version: 2.5.17(bufferutil@4.0.9)(encoding@0.1.13)(utf-8-validate@5.0.10)
      bs58:
        specifier: ^6.0.0
        version: 6.0.0
      redaxios:
        specifier: ^0.5.1
        version: 0.5.1
      rpc-websockets:
        specifier: ^10.0.0
        version: 10.0.0
      solana-agent-kit:
        specifier: workspace:*
        version: link:../core
      zod:
        specifier: ^3.24.1
        version: 3.24.1

  packages/plugin-nft:
    dependencies:
      '@3land/listings-sdk':
        specifier: ^0.0.7
        version: 0.0.7(@types/node@22.10.7)(arweave@1.15.5)(bufferutil@4.0.9)(encoding@0.1.13)(fastestsmallesttextencoderdecoder@1.0.22)(typescript@5.7.3)(utf-8-validate@5.0.10)
      '@aptos-labs/aptos-client':
        specifier: ^1.1.0
        version: 1.1.0(axios@1.8.4)(got@11.8.6)
      '@coral-xyz/anchor':
        specifier: ^0.30.1
        version: 0.30.1(bufferutil@4.0.9)(encoding@0.1.13)(utf-8-validate@5.0.10)
      '@metaplex-foundation/digital-asset-standard-api':
        specifier: ^1.0.4
        version: 1.0.4(@metaplex-foundation/umi@1.0.0)
      '@metaplex-foundation/mpl-core':
        specifier: ^1.2.0
        version: 1.2.0(@metaplex-foundation/umi@1.0.0)(@noble/hashes@1.7.2)
      '@metaplex-foundation/mpl-token-metadata':
        specifier: ^3.3.0
        version: 3.3.0(@metaplex-foundation/umi@1.0.0)
      '@metaplex-foundation/mpl-toolbox':
        specifier: ^0.9.4
        version: 0.9.4(@metaplex-foundation/umi@1.0.0)
      '@metaplex-foundation/umi':
        specifier: ^1.0.0
        version: 1.0.0
      '@metaplex-foundation/umi-bundle-defaults':
        specifier: ^1.0.0
        version: 1.0.0(@metaplex-foundation/umi@1.0.0)(@solana/web3.js@1.98.0(bufferutil@4.0.9)(encoding@0.1.13)(utf-8-validate@5.0.10))(encoding@0.1.13)
      '@metaplex-foundation/umi-web3js-adapters':
        specifier: ^1.0.0
        version: 1.0.0(@metaplex-foundation/umi@1.0.0)(@solana/web3.js@1.98.0(bufferutil@4.0.9)(encoding@0.1.13)(utf-8-validate@5.0.10))
      '@solana/codecs':
        specifier: ^2.1.0
        version: 2.1.0(fastestsmallesttextencoderdecoder@1.0.22)(typescript@5.7.3)
      '@solana/spl-token':
        specifier: ^0.4.9
        version: 0.4.9(@solana/web3.js@1.98.0(bufferutil@4.0.9)(encoding@0.1.13)(utf-8-validate@5.0.10))(bufferutil@4.0.9)(encoding@0.1.13)(fastestsmallesttextencoderdecoder@1.0.22)(typescript@5.7.3)(utf-8-validate@5.0.10)
      '@solana/web3.js':
        specifier: ^1.98.0
        version: 1.98.0(bufferutil@4.0.9)(encoding@0.1.13)(utf-8-validate@5.0.10)
      '@tensor-oss/tensorswap-sdk':
        specifier: ^4.5.0
        version: 4.5.0(bufferutil@4.0.9)(encoding@0.1.13)(fastestsmallesttextencoderdecoder@1.0.22)(typescript@5.7.3)(utf-8-validate@5.0.10)
      '@types/bn.js':
        specifier: ^5.1.6
        version: 5.1.6
      bn.js:
        specifier: ^5.2.1
        version: 5.2.1
      rpc-websockets:
        specifier: ^10.0.0
        version: 10.0.0
      solana-agent-kit:
        specifier: workspace:*
        version: link:../core
      zod:
        specifier: ^3.24.1
        version: 3.24.1

  packages/plugin-token:
    dependencies:
      '@lightprotocol/compressed-token':
        specifier: ^0.20.0
        version: 0.20.0(@lightprotocol/stateless.js@0.20.0(@solana/web3.js@1.98.0(bufferutil@4.0.9)(encoding@0.1.13)(utf-8-validate@5.0.10)))(@solana/spl-token@0.4.9(@solana/web3.js@1.98.0(bufferutil@4.0.9)(encoding@0.1.13)(utf-8-validate@5.0.10))(bufferutil@4.0.9)(encoding@0.1.13)(fastestsmallesttextencoderdecoder@1.0.22)(typescript@5.7.3)(utf-8-validate@5.0.10))(@solana/web3.js@1.98.0(bufferutil@4.0.9)(encoding@0.1.13)(utf-8-validate@5.0.10))
      '@lightprotocol/stateless.js':
        specifier: ^0.20.0
        version: 0.20.0(@solana/web3.js@1.98.0(bufferutil@4.0.9)(encoding@0.1.13)(utf-8-validate@5.0.10))
      '@mayanfinance/swap-sdk':
        specifier: ^10.0.0
        version: 10.0.0(bufferutil@4.0.9)(encoding@0.1.13)(typescript@5.7.3)(utf-8-validate@5.0.10)
      '@metaplex-foundation/digital-asset-standard-api':
        specifier: ^1.0.4
        version: 1.0.4(@metaplex-foundation/umi@1.0.0)
      '@metaplex-foundation/mpl-core':
        specifier: ^1.2.0
        version: 1.2.0(@metaplex-foundation/umi@1.0.0)(@noble/hashes@1.7.2)
      '@metaplex-foundation/mpl-token-metadata':
        specifier: ^3.3.0
        version: 3.3.0(@metaplex-foundation/umi@1.0.0)
      '@metaplex-foundation/mpl-toolbox':
        specifier: ^0.9.4
        version: 0.9.4(@metaplex-foundation/umi@1.0.0)
      '@metaplex-foundation/umi':
        specifier: ^1.0.0
        version: 1.0.0
      '@metaplex-foundation/umi-bundle-defaults':
        specifier: ^1.0.0
        version: 1.0.0(@metaplex-foundation/umi@1.0.0)(@solana/web3.js@1.98.0(bufferutil@4.0.9)(encoding@0.1.13)(utf-8-validate@5.0.10))(encoding@0.1.13)
      '@metaplex-foundation/umi-web3js-adapters':
        specifier: ^1.0.0
        version: 1.0.0(@metaplex-foundation/umi@1.0.0)(@solana/web3.js@1.98.0(bufferutil@4.0.9)(encoding@0.1.13)(utf-8-validate@5.0.10))
      '@openzeppelin/contracts':
        specifier: ^5.2.0
        version: 5.2.0
      '@solana/codecs':
        specifier: ^2.1.0
        version: 2.1.0(fastestsmallesttextencoderdecoder@1.0.22)(typescript@5.7.3)
      '@solana/spl-token':
        specifier: ^0.4.9
        version: 0.4.9(@solana/web3.js@1.98.0(bufferutil@4.0.9)(encoding@0.1.13)(utf-8-validate@5.0.10))(bufferutil@4.0.9)(encoding@0.1.13)(fastestsmallesttextencoderdecoder@1.0.22)(typescript@5.7.3)(utf-8-validate@5.0.10)
      '@solana/web3.js':
        specifier: ^1.98.0
        version: 1.98.0(bufferutil@4.0.9)(encoding@0.1.13)(utf-8-validate@5.0.10)
      '@solutiofi/sdk':
        specifier: ^1.0.2
        version: 1.0.2(bufferutil@4.0.9)(encoding@0.1.13)(utf-8-validate@5.0.10)
      '@types/bn.js':
        specifier: ^5.1.6
        version: 5.1.6
      bn.js:
        specifier: ^5.2.1
        version: 5.2.1
      ethers:
        specifier: ^6.13.5
        version: 6.13.5(bufferutil@4.0.9)(utf-8-validate@5.0.10)
      redaxios:
        specifier: ^0.5.1
        version: 0.5.1
      rpc-websockets:
        specifier: ^10.0.0
        version: 10.0.0
      solana-agent-kit:
        specifier: workspace:*
        version: link:../core
      zod:
        specifier: ^3.24.1
        version: 3.24.1
    devDependencies:
      tsup:
        specifier: ^8.4.0
        version: 8.4.0(jiti@2.4.2)(postcss@8.5.3)(tsx@4.19.3)(typescript@5.7.3)(yaml@2.7.1)

  test:
    dependencies:
      '@ai-sdk/openai':
        specifier: ^1.3.10
        version: 1.3.20(zod@3.24.1)
      '@langchain/core':
        specifier: ^0.3.44
        version: 0.3.44(openai@4.93.0(encoding@0.1.13)(ws@8.18.1(bufferutil@4.0.9)(utf-8-validate@5.0.10))(zod@3.24.1))
      '@langchain/langgraph':
        specifier: ^0.2.63
        version: 0.2.67(@langchain/core@0.3.44(openai@4.93.0(encoding@0.1.13)(ws@8.18.1(bufferutil@4.0.9)(utf-8-validate@5.0.10))(zod@3.24.1)))(react@19.0.0)(zod-to-json-schema@3.24.1(zod@3.24.1))
      '@langchain/openai':
        specifier: ^0.5.5
        version: 0.5.7(@langchain/core@0.3.44(openai@4.93.0(encoding@0.1.13)(ws@8.18.1(bufferutil@4.0.9)(utf-8-validate@5.0.10))(zod@3.24.1)))(encoding@0.1.13)(ws@8.18.1(bufferutil@4.0.9)(utf-8-validate@5.0.10))
      '@solana-agent-kit/plugin-blinks':
        specifier: workspace:*
        version: link:../packages/plugin-blinks
      '@solana-agent-kit/plugin-defi':
        specifier: workspace:*
        version: link:../packages/plugin-defi
      '@solana-agent-kit/plugin-misc':
        specifier: workspace:*
        version: link:../packages/plugin-misc
      '@solana-agent-kit/plugin-nft':
        specifier: workspace:*
        version: link:../packages/plugin-nft
      '@solana-agent-kit/plugin-token':
        specifier: workspace:*
        version: link:../packages/plugin-token
      '@solana/web3.js':
        specifier: ^1.98.0
        version: 1.98.0(bufferutil@4.0.9)(encoding@0.1.13)(utf-8-validate@5.0.10)
      ai:
        specifier: ^4.1.5
        version: 4.1.5(react@19.0.0)(zod@3.24.1)
      bs58:
        specifier: ^6.0.0
        version: 6.0.0
      dotenv:
        specifier: ^16.4.7
        version: 16.4.7
      solana-agent-kit:
        specifier: workspace:*
        version: link:../packages/core
    devDependencies:
      tsx:
        specifier: ^4.19.2
        version: 4.19.3
      typescript:
        specifier: ^5.0.0
        version: 5.7.3

packages:

  '@0no-co/graphql.web@1.0.13':
    resolution: {integrity: sha512-jqYxOevheVTU1S36ZdzAkJIdvRp2m3OYIG5SEoKDw5NI8eVwkoI0D/Q3DYNGmXCxkA6CQuoa7zvMiDPTLqUNuw==}
    peerDependencies:
      graphql: ^14.0.0 || ^15.0.0 || ^16.0.0
    peerDependenciesMeta:
      graphql:
        optional: true

  '@0no-co/graphqlsp@1.12.16':
    resolution: {integrity: sha512-B5pyYVH93Etv7xjT6IfB7QtMBdaaC07yjbhN6v8H7KgFStMkPvi+oWYBTibMFRMY89qwc9H8YixXg8SXDVgYWw==}
    peerDependencies:
      graphql: ^15.5.0 || ^16.0.0 || ^17.0.0
      typescript: ^5.0.0

  '@3land/listings-sdk@0.0.7':
    resolution: {integrity: sha512-7hEgqBcYFTF15OzXKliG8JuO3SKKDTkFZDgyldxXwPX/HSwvVEGjnX+LorGDhhWt/9YazV7K5iEC3qyeuqibIA==}

  '@adraffy/ens-normalize@1.10.1':
    resolution: {integrity: sha512-96Z2IP3mYmF1Xg2cDm8f1gWGf/HUVedQ3FMifV4kG/PQ4yEP51xDtRAEfhVNt5f/uzpNkZHwWQuUcu6D6K+Ekw==}

  '@ai-sdk/openai@1.3.20':
    resolution: {integrity: sha512-/DflUy7ROG9k6n6YTXMBFPbujBKnbGY58f3CwvicLvDar9nDAloVnUWd3LUoOxpSVnX8vtQ7ngxF52SLWO6RwQ==}
    engines: {node: '>=18'}
    peerDependencies:
      zod: ^3.0.0

  '@ai-sdk/provider-utils@2.1.2':
    resolution: {integrity: sha512-ezpQT6kzy/2O4yyn/2YigMqynBYjZIOam3/EMNVzju+Ogj+Z+pf27c/Th78ce0A2ltgrXx6xN14sal/HHZNOOw==}
    engines: {node: '>=18'}
    peerDependencies:
      zod: ^3.0.0
    peerDependenciesMeta:
      zod:
        optional: true

  '@ai-sdk/provider-utils@2.2.7':
    resolution: {integrity: sha512-kM0xS3GWg3aMChh9zfeM+80vEZfXzR3JEUBdycZLtbRZ2TRT8xOj3WodGHPb06sUK5yD7pAXC/P7ctsi2fvUGQ==}
    engines: {node: '>=18'}
    peerDependencies:
      zod: ^3.23.8

  '@ai-sdk/provider@1.0.6':
    resolution: {integrity: sha512-hwj/gFNxpDgEfTaYzCYoslmw01IY9kWLKl/wf8xuPvHtQIzlfXWmmUwc8PnCwxyt8cKzIuV0dfUghCf68HQ0SA==}
    engines: {node: '>=18'}

  '@ai-sdk/provider@1.1.3':
    resolution: {integrity: sha512-qZMxYJ0qqX/RfnuIaab+zp8UAeJn/ygXXAffR5I4N0n1IrvA6qBsjc8hXLmBiMV2zoXlifkacF7sEFnYnjBcqg==}
    engines: {node: '>=18'}

  '@ai-sdk/react@1.1.3':
    resolution: {integrity: sha512-W9R3vIcb3xkV3Vl6/8HSMeiKkJ1IQyCSSA1Ahi0beox8SBfQb4I3h+tTiBT5EU2UZKKsM1SLKeFp6M06T6w8ag==}
    engines: {node: '>=18'}
    peerDependencies:
      react: ^18 || ^19 || ^19.0.0-rc
      zod: ^3.0.0
    peerDependenciesMeta:
      react:
        optional: true
      zod:
        optional: true

  '@ai-sdk/ui-utils@1.1.3':
    resolution: {integrity: sha512-DczePOv7SxXNY7IkHo4dbN6DT68vmDLCm5uJNUQy0eVkF6cfTbGmScgU36UQ63v7ggUTGffexOo0aB3eJOdFcw==}
    engines: {node: '>=18'}
    peerDependencies:
      zod: ^3.0.0
    peerDependenciesMeta:
      zod:
        optional: true

  '@alloralabs/allora-sdk@0.1.0':
    resolution: {integrity: sha512-jVCIx+PXOrklDf4TU27DCuf0Nri2+s+hhDGMP/s8CHUY6eSaL8G3S0E1L1vP+sF6gIjzCdV7P68QtRB0ym5vNQ==}
    engines: {node: '>=18'}

  '@aptos-labs/aptos-cli@1.0.2':
    resolution: {integrity: sha512-PYPsd0Kk3ynkxNfe3S4fanI3DiUICCoh4ibQderbvjPFL5A0oK6F4lPEO2t0MDsQySTk2t4vh99Xjy6Bd9y+aQ==}
    hasBin: true

  '@aptos-labs/aptos-client@0.1.1':
    resolution: {integrity: sha512-kJsoy4fAPTOhzVr7Vwq8s/AUg6BQiJDa7WOqRzev4zsuIS3+JCuIZ6vUd7UBsjnxtmguJJulMRs9qWCzVBt2XA==}
    engines: {node: '>=15.10.0'}
    deprecated: <1.0.0 is no longer supported please upgrade to the latest version

  '@aptos-labs/aptos-client@1.1.0':
    resolution: {integrity: sha512-rkGVjQufVONAwnMcjIbdPRmJnAoqBFxd8IXVUBJIVlDXkPgjW+Vj0P3z31CxDFE4mVBN6Wpu30BeBzCW/+IDPQ==}
    engines: {node: '>=15.10.0'}
    peerDependencies:
      axios: ^1.8.0
      got: ^11.8.6

  '@aptos-labs/ts-sdk@1.33.2':
    resolution: {integrity: sha512-nbro7x9HudBDLngOW8IpRCAysb6si1kE0F4pUfDesRHzRcqivnQzv8O5ePZma7jkTgpjGNx6gdEBXKI6YcJbww==}
    engines: {node: '>=20.0.0'}

  '@babel/code-frame@7.26.2':
    resolution: {integrity: sha512-RJlIHRueQgwWitWgF8OdFYGZX328Ax5BCemNGlqHfplnRT9ESi8JkFlvaVYbS+UubVY6dpv87Fs2u5M29iNFVQ==}
    engines: {node: '>=6.9.0'}

  '@babel/helper-validator-identifier@7.25.9':
    resolution: {integrity: sha512-Ed61U6XJc3CVRfkERJWDz4dJwKe7iLmmJsbOGu9wSloNSFttHV0I8g6UAgb7qnK5ly5bGLPd4oXZlxCdANBOWQ==}
    engines: {node: '>=6.9.0'}

  '@babel/runtime@7.26.0':
    resolution: {integrity: sha512-FDSOghenHTiToteC/QRlv2q3DhPZ/oOXTBoirfWNx1Cx3TMVcGWQtMMmQcSvb/JjpNeGzx8Pq/b4fKEJuWm1sw==}
    engines: {node: '>=6.9.0'}

  '@biomejs/biome@1.9.4':
    resolution: {integrity: sha512-1rkd7G70+o9KkTn5KLmDYXihGoTaIGO9PIIN2ZB7UJxFrWw04CZHPYiMRjYsaDvVV7hP1dYNRLxSANLaBFGpog==}
    engines: {node: '>=14.21.3'}
    hasBin: true

  '@biomejs/cli-darwin-arm64@1.9.4':
    resolution: {integrity: sha512-bFBsPWrNvkdKrNCYeAp+xo2HecOGPAy9WyNyB/jKnnedgzl4W4Hb9ZMzYNbf8dMCGmUdSavlYHiR01QaYR58cw==}
    engines: {node: '>=14.21.3'}
    cpu: [arm64]
    os: [darwin]

  '@biomejs/cli-darwin-x64@1.9.4':
    resolution: {integrity: sha512-ngYBh/+bEedqkSevPVhLP4QfVPCpb+4BBe2p7Xs32dBgs7rh9nY2AIYUL6BgLw1JVXV8GlpKmb/hNiuIxfPfZg==}
    engines: {node: '>=14.21.3'}
    cpu: [x64]
    os: [darwin]

  '@biomejs/cli-linux-arm64-musl@1.9.4':
    resolution: {integrity: sha512-v665Ct9WCRjGa8+kTr0CzApU0+XXtRgwmzIf1SeKSGAv+2scAlW6JR5PMFo6FzqqZ64Po79cKODKf3/AAmECqA==}
    engines: {node: '>=14.21.3'}
    cpu: [arm64]
    os: [linux]

  '@biomejs/cli-linux-arm64@1.9.4':
    resolution: {integrity: sha512-fJIW0+LYujdjUgJJuwesP4EjIBl/N/TcOX3IvIHJQNsAqvV2CHIogsmA94BPG6jZATS4Hi+xv4SkBBQSt1N4/g==}
    engines: {node: '>=14.21.3'}
    cpu: [arm64]
    os: [linux]

  '@biomejs/cli-linux-x64-musl@1.9.4':
    resolution: {integrity: sha512-gEhi/jSBhZ2m6wjV530Yy8+fNqG8PAinM3oV7CyO+6c3CEh16Eizm21uHVsyVBEB6RIM8JHIl6AGYCv6Q6Q9Tg==}
    engines: {node: '>=14.21.3'}
    cpu: [x64]
    os: [linux]

  '@biomejs/cli-linux-x64@1.9.4':
    resolution: {integrity: sha512-lRCJv/Vi3Vlwmbd6K+oQ0KhLHMAysN8lXoCI7XeHlxaajk06u7G+UsFSO01NAs5iYuWKmVZjmiOzJ0OJmGsMwg==}
    engines: {node: '>=14.21.3'}
    cpu: [x64]
    os: [linux]

  '@biomejs/cli-win32-arm64@1.9.4':
    resolution: {integrity: sha512-tlbhLk+WXZmgwoIKwHIHEBZUwxml7bRJgk0X2sPyNR3S93cdRq6XulAZRQJ17FYGGzWne0fgrXBKpl7l4M87Hg==}
    engines: {node: '>=14.21.3'}
    cpu: [arm64]
    os: [win32]

  '@biomejs/cli-win32-x64@1.9.4':
    resolution: {integrity: sha512-8Y5wMhVIPaWe6jw2H+KlEm4wP/f7EW3810ZLmDlrEEy5KvBsb9ECEfu/kMWD484ijfQ8+nIi0giMgu9g1UAuuA==}
    engines: {node: '>=14.21.3'}
    cpu: [x64]
    os: [win32]

  '@bonfida/sns-records@0.0.1':
    resolution: {integrity: sha512-i28w9+BMFufhhpmLQCNx1CKKXTsEn+5RT18VFpPqdGO3sqaYlnUWC1m3wDpOvlzGk498dljgRpRo5wmcsnuEMg==}
    peerDependencies:
      '@solana/web3.js': ^1.87.3

  '@bonfida/spl-name-service@3.0.8':
    resolution: {integrity: sha512-JsjQWLVYTY7ofVDdu5wNgVmRvqveJsTv0tEHTMGtyztsxlG37hxGJSTywX0P/u54MIzr0uaN5sA26m2cK0N/LA==}
    peerDependencies:
      '@solana/web3.js': ^1.87.3

  '@brokerloop/ttlcache@3.2.3':
    resolution: {integrity: sha512-kZWoyJGBYTv1cL5oHBYEixlJysJBf2RVnub3gbclD+dwaW9aKubbHzbZ9q1q6bONosxaOqMsoBorOrZKzBDiqg==}

  '@cfworker/json-schema@4.1.1':
    resolution: {integrity: sha512-gAmrUZSGtKc3AiBL71iNWxDsyUC5uMaKKGdvzYsBoTW/xi42JQHl7eKV2OYzCUqvc+D2RCcf7EXY2iCyFIk6og==}

  '@changesets/apply-release-plan@7.0.8':
    resolution: {integrity: sha512-qjMUj4DYQ1Z6qHawsn7S71SujrExJ+nceyKKyI9iB+M5p9lCL55afuEd6uLBPRpLGWQwkwvWegDHtwHJb1UjpA==}

  '@changesets/assemble-release-plan@6.0.5':
    resolution: {integrity: sha512-IgvBWLNKZd6k4t72MBTBK3nkygi0j3t3zdC1zrfusYo0KpdsvnDjrMM9vPnTCLCMlfNs55jRL4gIMybxa64FCQ==}

  '@changesets/changelog-git@0.2.0':
    resolution: {integrity: sha512-bHOx97iFI4OClIT35Lok3sJAwM31VbUM++gnMBV16fdbtBhgYu4dxsphBF/0AZZsyAHMrnM0yFcj5gZM1py6uQ==}

  '@changesets/cli@2.27.12':
    resolution: {integrity: sha512-9o3fOfHYOvBnyEn0mcahB7wzaA3P4bGJf8PNqGit5PKaMEFdsRixik+txkrJWd2VX+O6wRFXpxQL8j/1ANKE9g==}
    hasBin: true

  '@changesets/config@3.0.5':
    resolution: {integrity: sha512-QyXLSSd10GquX7hY0Mt4yQFMEeqnO5z/XLpbIr4PAkNNoQNKwDyiSrx4yd749WddusH1v3OSiA0NRAYmH/APpQ==}

  '@changesets/errors@0.2.0':
    resolution: {integrity: sha512-6BLOQUscTpZeGljvyQXlWOItQyU71kCdGz7Pi8H8zdw6BI0g3m43iL4xKUVPWtG+qrrL9DTjpdn8eYuCQSRpow==}

  '@changesets/get-dependents-graph@2.1.2':
    resolution: {integrity: sha512-sgcHRkiBY9i4zWYBwlVyAjEM9sAzs4wYVwJUdnbDLnVG3QwAaia1Mk5P8M7kraTOZN+vBET7n8KyB0YXCbFRLQ==}

  '@changesets/get-release-plan@4.0.6':
    resolution: {integrity: sha512-FHRwBkY7Eili04Y5YMOZb0ezQzKikTka4wL753vfUA5COSebt7KThqiuCN9BewE4/qFGgF/5t3AuzXx1/UAY4w==}

  '@changesets/get-version-range-type@0.4.0':
    resolution: {integrity: sha512-hwawtob9DryoGTpixy1D3ZXbGgJu1Rhr+ySH2PvTLHvkZuQ7sRT4oQwMh0hbqZH1weAooedEjRsbrWcGLCeyVQ==}

  '@changesets/git@3.0.2':
    resolution: {integrity: sha512-r1/Kju9Y8OxRRdvna+nxpQIsMsRQn9dhhAZt94FLDeu0Hij2hnOozW8iqnHBgvu+KdnJppCveQwK4odwfw/aWQ==}

  '@changesets/logger@0.1.1':
    resolution: {integrity: sha512-OQtR36ZlnuTxKqoW4Sv6x5YIhOmClRd5pWsjZsddYxpWs517R0HkyiefQPIytCVh4ZcC5x9XaG8KTdd5iRQUfg==}

  '@changesets/parse@0.4.0':
    resolution: {integrity: sha512-TS/9KG2CdGXS27S+QxbZXgr8uPsP4yNJYb4BC2/NeFUj80Rni3TeD2qwWmabymxmrLo7JEsytXH1FbpKTbvivw==}

  '@changesets/pre@2.0.1':
    resolution: {integrity: sha512-vvBJ/If4jKM4tPz9JdY2kGOgWmCowUYOi5Ycv8dyLnEE8FgpYYUo1mgJZxcdtGGP3aG8rAQulGLyyXGSLkIMTQ==}

  '@changesets/read@0.6.2':
    resolution: {integrity: sha512-wjfQpJvryY3zD61p8jR87mJdyx2FIhEcdXhKUqkja87toMrP/3jtg/Yg29upN+N4Ckf525/uvV7a4tzBlpk6gg==}

  '@changesets/should-skip-package@0.1.1':
    resolution: {integrity: sha512-H9LjLbF6mMHLtJIc/eHR9Na+MifJ3VxtgP/Y+XLn4BF7tDTEN1HNYtH6QMcjP1uxp9sjaFYmW8xqloaCi/ckTg==}

  '@changesets/types@4.1.0':
    resolution: {integrity: sha512-LDQvVDv5Kb50ny2s25Fhm3d9QSZimsoUGBsUioj6MC3qbMUCuC8GPIvk/M6IvXx3lYhAs0lwWUQLb+VIEUCECw==}

  '@changesets/types@6.0.0':
    resolution: {integrity: sha512-b1UkfNulgKoWfqyHtzKS5fOZYSJO+77adgL7DLRDr+/7jhChN+QcHnbjiQVOz/U+Ts3PGNySq7diAItzDgugfQ==}

  '@changesets/write@0.3.2':
    resolution: {integrity: sha512-kDxDrPNpUgsjDbWBvUo27PzKX4gqeKOlhibaOXDJA6kuBisGqNHv/HwGJrAu8U/dSf8ZEFIeHIPtvSlZI1kULw==}

  '@cks-systems/manifest-sdk@0.2.3':
    resolution: {integrity: sha512-3xKKk+8RH5oONL7HSJ0MHUQCS5UA+Xdl+rV6xChtVZlpsDO3R3GOMtLc4D/BrkdlBBJptm1kGgDDbTDCd2ePTg==}

  '@coral-xyz/anchor-errors@0.30.1':
    resolution: {integrity: sha512-9Mkradf5yS5xiLWrl9WrpjqOrAV+/W2RQHDlbnAZBivoGpOs1ECjoDCkVk4aRG8ZdiFiB8zQEVlxf+8fKkmSfQ==}
    engines: {node: '>=10'}

  '@coral-xyz/anchor@0.26.0':
    resolution: {integrity: sha512-PxRl+wu5YyptWiR9F2MBHOLLibm87Z4IMUBPreX+DYBtPM+xggvcPi0KAN7+kIL4IrIhXI8ma5V0MCXxSN1pHg==}
    engines: {node: '>=11'}

  '@coral-xyz/anchor@0.27.0':
    resolution: {integrity: sha512-+P/vPdORawvg3A9Wj02iquxb4T0C5m4P6aZBVYysKl4Amk+r6aMPZkUhilBkD6E4Nuxnoajv3CFykUfkGE0n5g==}
    engines: {node: '>=11'}

  '@coral-xyz/anchor@0.28.0':
    resolution: {integrity: sha512-kQ02Hv2ZqxtWP30WN1d4xxT4QqlOXYDxmEd3k/bbneqhV3X5QMO4LAtoUFs7otxyivOgoqam5Il5qx81FuI4vw==}
    engines: {node: '>=11'}

  '@coral-xyz/anchor@0.29.0':
    resolution: {integrity: sha512-eny6QNG0WOwqV0zQ7cs/b1tIuzZGmP7U7EcH+ogt4Gdbl8HDmIYVMh/9aTmYZPaFWjtUaI8qSn73uYEXWfATdA==}
    engines: {node: '>=11'}

  '@coral-xyz/anchor@0.30.1':
    resolution: {integrity: sha512-gDXFoF5oHgpriXAaLpxyWBHdCs8Awgf/gLHIo6crv7Aqm937CNdY+x+6hoj7QR5vaJV7MxWSQ0NGFzL3kPbWEQ==}
    engines: {node: '>=11'}

  '@coral-xyz/borsh@0.26.0':
    resolution: {integrity: sha512-uCZ0xus0CszQPHYfWAqKS5swS1UxvePu83oOF+TWpUkedsNlg6p2p4azxZNSSqwXb9uXMFgxhuMBX9r3Xoi0vQ==}
    engines: {node: '>=10'}
    peerDependencies:
      '@solana/web3.js': ^1.68.0

  '@coral-xyz/borsh@0.27.0':
    resolution: {integrity: sha512-tJKzhLukghTWPLy+n8K8iJKgBq1yLT/AxaNd10yJrX8mI56ao5+OFAKAqW/h0i79KCvb4BK0VGO5ECmmolFz9A==}
    engines: {node: '>=10'}
    peerDependencies:
      '@solana/web3.js': ^1.68.0

  '@coral-xyz/borsh@0.28.0':
    resolution: {integrity: sha512-/u1VTzw7XooK7rqeD7JLUSwOyRSesPUk0U37BV9zK0axJc1q0nRbKFGFLYCQ16OtdOJTTwGfGp11Lx9B45bRCQ==}
    engines: {node: '>=10'}
    peerDependencies:
      '@solana/web3.js': ^1.68.0

  '@coral-xyz/borsh@0.29.0':
    resolution: {integrity: sha512-s7VFVa3a0oqpkuRloWVPdCK7hMbAMY270geZOGfCnaqexrP5dTIpbEHL33req6IYPPJ0hYa71cdvJ1h6V55/oQ==}
    engines: {node: '>=10'}
    peerDependencies:
      '@solana/web3.js': ^1.68.0

  '@coral-xyz/borsh@0.30.1':
    resolution: {integrity: sha512-aaxswpPrCFKl8vZTbxLssA2RvwX2zmKLlRCIktJOwW+VpVwYtXRtlWiIP+c2pPRKneiTiWCN2GEMSH9j1zTlWQ==}
    engines: {node: '>=10'}
    peerDependencies:
      '@solana/web3.js': ^1.68.0

  '@cspotcode/source-map-support@0.8.1':
    resolution: {integrity: sha512-IchNf6dN4tHoMFIn/7OE8LWZ19Y6q/67Bmf6vnGREv8RSbBVb9LPJxEcnwrcwX6ixSvaiGoomAUvu4YSxXrVgw==}
    engines: {node: '>=12'}

  '@drift-labs/sdk@2.108.0-beta.6':
    resolution: {integrity: sha512-3bq1FO8Zuv5uvGsQqL58Er5+cWxz/H2FHG6BZKfKZDGv/xBpvLdYZIFWZBXrQ3Md8qa9D0DI44NMsWTrCOA8HQ==}
    engines: {node: '>=20.18.0'}

  '@drift-labs/vaults-sdk@0.3.4':
    resolution: {integrity: sha512-7WcymLOyuOkP1l6/gk+qtWSyAPqHpA6hdxmPLWviVfUbphFUmDOGqOZhYV0hmMkUu1O94ixFasjrA7UTy6a3Ew==}
    engines: {node: '>=16'}

  '@ellipsis-labs/phoenix-sdk@1.4.5':
    resolution: {integrity: sha512-vEYgMXuV5/mpnpEi+VK4HO8f6SheHtVLdHHlULBiDN1eECYmL67gq+/cRV7Ar6jAQ7rJZL7xBxhbUW5kugMl6A==}

  '@esbuild/aix-ppc64@0.23.1':
    resolution: {integrity: sha512-6VhYk1diRqrhBAqpJEdjASR/+WVRtfjpqKuNw11cLiaWpAT/Uu+nokB+UJnevzy/P9C/ty6AOe0dwueMrGh/iQ==}
    engines: {node: '>=18'}
    cpu: [ppc64]
    os: [aix]

  '@esbuild/aix-ppc64@0.25.1':
    resolution: {integrity: sha512-kfYGy8IdzTGy+z0vFGvExZtxkFlA4zAxgKEahG9KE1ScBjpQnFsNOX8KTU5ojNru5ed5CVoJYXFtoxaq5nFbjQ==}
    engines: {node: '>=18'}
    cpu: [ppc64]
    os: [aix]

  '@esbuild/aix-ppc64@0.25.2':
    resolution: {integrity: sha512-wCIboOL2yXZym2cgm6mlA742s9QeJ8DjGVaL39dLN4rRwrOgOyYSnOaFPhKZGLb2ngj4EyfAFjsNJwPXZvseag==}
    engines: {node: '>=18'}
    cpu: [ppc64]
    os: [aix]

  '@esbuild/android-arm64@0.23.1':
    resolution: {integrity: sha512-xw50ipykXcLstLeWH7WRdQuysJqejuAGPd30vd1i5zSyKK3WE+ijzHmLKxdiCMtH1pHz78rOg0BKSYOSB/2Khw==}
    engines: {node: '>=18'}
    cpu: [arm64]
    os: [android]

  '@esbuild/android-arm64@0.25.1':
    resolution: {integrity: sha512-50tM0zCJW5kGqgG7fQ7IHvQOcAn9TKiVRuQ/lN0xR+T2lzEFvAi1ZcS8DiksFcEpf1t/GYOeOfCAgDHFpkiSmA==}
    engines: {node: '>=18'}
    cpu: [arm64]
    os: [android]

  '@esbuild/android-arm64@0.25.2':
    resolution: {integrity: sha512-5ZAX5xOmTligeBaeNEPnPaeEuah53Id2tX4c2CVP3JaROTH+j4fnfHCkr1PjXMd78hMst+TlkfKcW/DlTq0i4w==}
    engines: {node: '>=18'}
    cpu: [arm64]
    os: [android]

  '@esbuild/android-arm@0.23.1':
    resolution: {integrity: sha512-uz6/tEy2IFm9RYOyvKl88zdzZfwEfKZmnX9Cj1BHjeSGNuGLuMD1kR8y5bteYmwqKm1tj8m4cb/aKEorr6fHWQ==}
    engines: {node: '>=18'}
    cpu: [arm]
    os: [android]

  '@esbuild/android-arm@0.25.1':
    resolution: {integrity: sha512-dp+MshLYux6j/JjdqVLnMglQlFu+MuVeNrmT5nk6q07wNhCdSnB7QZj+7G8VMUGh1q+vj2Bq8kRsuyA00I/k+Q==}
    engines: {node: '>=18'}
    cpu: [arm]
    os: [android]

  '@esbuild/android-arm@0.25.2':
    resolution: {integrity: sha512-NQhH7jFstVY5x8CKbcfa166GoV0EFkaPkCKBQkdPJFvo5u+nGXLEH/ooniLb3QI8Fk58YAx7nsPLozUWfCBOJA==}
    engines: {node: '>=18'}
    cpu: [arm]
    os: [android]

  '@esbuild/android-x64@0.23.1':
    resolution: {integrity: sha512-nlN9B69St9BwUoB+jkyU090bru8L0NA3yFvAd7k8dNsVH8bi9a8cUAUSEcEEgTp2z3dbEDGJGfP6VUnkQnlReg==}
    engines: {node: '>=18'}
    cpu: [x64]
    os: [android]

  '@esbuild/android-x64@0.25.1':
    resolution: {integrity: sha512-GCj6WfUtNldqUzYkN/ITtlhwQqGWu9S45vUXs7EIYf+7rCiiqH9bCloatO9VhxsL0Pji+PF4Lz2XXCES+Q8hDw==}
    engines: {node: '>=18'}
    cpu: [x64]
    os: [android]

  '@esbuild/android-x64@0.25.2':
    resolution: {integrity: sha512-Ffcx+nnma8Sge4jzddPHCZVRvIfQ0kMsUsCMcJRHkGJ1cDmhe4SsrYIjLUKn1xpHZybmOqCWwB0zQvsjdEHtkg==}
    engines: {node: '>=18'}
    cpu: [x64]
    os: [android]

  '@esbuild/darwin-arm64@0.23.1':
    resolution: {integrity: sha512-YsS2e3Wtgnw7Wq53XXBLcV6JhRsEq8hkfg91ESVadIrzr9wO6jJDMZnCQbHm1Guc5t/CdDiFSSfWP58FNuvT3Q==}
    engines: {node: '>=18'}
    cpu: [arm64]
    os: [darwin]

  '@esbuild/darwin-arm64@0.25.1':
    resolution: {integrity: sha512-5hEZKPf+nQjYoSr/elb62U19/l1mZDdqidGfmFutVUjjUZrOazAtwK+Kr+3y0C/oeJfLlxo9fXb1w7L+P7E4FQ==}
    engines: {node: '>=18'}
    cpu: [arm64]
    os: [darwin]

  '@esbuild/darwin-arm64@0.25.2':
    resolution: {integrity: sha512-MpM6LUVTXAzOvN4KbjzU/q5smzryuoNjlriAIx+06RpecwCkL9JpenNzpKd2YMzLJFOdPqBpuub6eVRP5IgiSA==}
    engines: {node: '>=18'}
    cpu: [arm64]
    os: [darwin]

  '@esbuild/darwin-x64@0.23.1':
    resolution: {integrity: sha512-aClqdgTDVPSEGgoCS8QDG37Gu8yc9lTHNAQlsztQ6ENetKEO//b8y31MMu2ZaPbn4kVsIABzVLXYLhCGekGDqw==}
    engines: {node: '>=18'}
    cpu: [x64]
    os: [darwin]

  '@esbuild/darwin-x64@0.25.1':
    resolution: {integrity: sha512-hxVnwL2Dqs3fM1IWq8Iezh0cX7ZGdVhbTfnOy5uURtao5OIVCEyj9xIzemDi7sRvKsuSdtCAhMKarxqtlyVyfA==}
    engines: {node: '>=18'}
    cpu: [x64]
    os: [darwin]

  '@esbuild/darwin-x64@0.25.2':
    resolution: {integrity: sha512-5eRPrTX7wFyuWe8FqEFPG2cU0+butQQVNcT4sVipqjLYQjjh8a8+vUTfgBKM88ObB85ahsnTwF7PSIt6PG+QkA==}
    engines: {node: '>=18'}
    cpu: [x64]
    os: [darwin]

  '@esbuild/freebsd-arm64@0.23.1':
    resolution: {integrity: sha512-h1k6yS8/pN/NHlMl5+v4XPfikhJulk4G+tKGFIOwURBSFzE8bixw1ebjluLOjfwtLqY0kewfjLSrO6tN2MgIhA==}
    engines: {node: '>=18'}
    cpu: [arm64]
    os: [freebsd]

  '@esbuild/freebsd-arm64@0.25.1':
    resolution: {integrity: sha512-1MrCZs0fZa2g8E+FUo2ipw6jw5qqQiH+tERoS5fAfKnRx6NXH31tXBKI3VpmLijLH6yriMZsxJtaXUyFt/8Y4A==}
    engines: {node: '>=18'}
    cpu: [arm64]
    os: [freebsd]

  '@esbuild/freebsd-arm64@0.25.2':
    resolution: {integrity: sha512-mLwm4vXKiQ2UTSX4+ImyiPdiHjiZhIaE9QvC7sw0tZ6HoNMjYAqQpGyui5VRIi5sGd+uWq940gdCbY3VLvsO1w==}
    engines: {node: '>=18'}
    cpu: [arm64]
    os: [freebsd]

  '@esbuild/freebsd-x64@0.23.1':
    resolution: {integrity: sha512-lK1eJeyk1ZX8UklqFd/3A60UuZ/6UVfGT2LuGo3Wp4/z7eRTRYY+0xOu2kpClP+vMTi9wKOfXi2vjUpO1Ro76g==}
    engines: {node: '>=18'}
    cpu: [x64]
    os: [freebsd]

  '@esbuild/freebsd-x64@0.25.1':
    resolution: {integrity: sha512-0IZWLiTyz7nm0xuIs0q1Y3QWJC52R8aSXxe40VUxm6BB1RNmkODtW6LHvWRrGiICulcX7ZvyH6h5fqdLu4gkww==}
    engines: {node: '>=18'}
    cpu: [x64]
    os: [freebsd]

  '@esbuild/freebsd-x64@0.25.2':
    resolution: {integrity: sha512-6qyyn6TjayJSwGpm8J9QYYGQcRgc90nmfdUb0O7pp1s4lTY+9D0H9O02v5JqGApUyiHOtkz6+1hZNvNtEhbwRQ==}
    engines: {node: '>=18'}
    cpu: [x64]
    os: [freebsd]

  '@esbuild/linux-arm64@0.23.1':
    resolution: {integrity: sha512-/93bf2yxencYDnItMYV/v116zff6UyTjo4EtEQjUBeGiVpMmffDNUyD9UN2zV+V3LRV3/on4xdZ26NKzn6754g==}
    engines: {node: '>=18'}
    cpu: [arm64]
    os: [linux]

  '@esbuild/linux-arm64@0.25.1':
    resolution: {integrity: sha512-jaN3dHi0/DDPelk0nLcXRm1q7DNJpjXy7yWaWvbfkPvI+7XNSc/lDOnCLN7gzsyzgu6qSAmgSvP9oXAhP973uQ==}
    engines: {node: '>=18'}
    cpu: [arm64]
    os: [linux]

  '@esbuild/linux-arm64@0.25.2':
    resolution: {integrity: sha512-gq/sjLsOyMT19I8obBISvhoYiZIAaGF8JpeXu1u8yPv8BE5HlWYobmlsfijFIZ9hIVGYkbdFhEqC0NvM4kNO0g==}
    engines: {node: '>=18'}
    cpu: [arm64]
    os: [linux]

  '@esbuild/linux-arm@0.23.1':
    resolution: {integrity: sha512-CXXkzgn+dXAPs3WBwE+Kvnrf4WECwBdfjfeYHpMeVxWE0EceB6vhWGShs6wi0IYEqMSIzdOF1XjQ/Mkm5d7ZdQ==}
    engines: {node: '>=18'}
    cpu: [arm]
    os: [linux]

  '@esbuild/linux-arm@0.25.1':
    resolution: {integrity: sha512-NdKOhS4u7JhDKw9G3cY6sWqFcnLITn6SqivVArbzIaf3cemShqfLGHYMx8Xlm/lBit3/5d7kXvriTUGa5YViuQ==}
    engines: {node: '>=18'}
    cpu: [arm]
    os: [linux]

  '@esbuild/linux-arm@0.25.2':
    resolution: {integrity: sha512-UHBRgJcmjJv5oeQF8EpTRZs/1knq6loLxTsjc3nxO9eXAPDLcWW55flrMVc97qFPbmZP31ta1AZVUKQzKTzb0g==}
    engines: {node: '>=18'}
    cpu: [arm]
    os: [linux]

  '@esbuild/linux-ia32@0.23.1':
    resolution: {integrity: sha512-VTN4EuOHwXEkXzX5nTvVY4s7E/Krz7COC8xkftbbKRYAl96vPiUssGkeMELQMOnLOJ8k3BY1+ZY52tttZnHcXQ==}
    engines: {node: '>=18'}
    cpu: [ia32]
    os: [linux]

  '@esbuild/linux-ia32@0.25.1':
    resolution: {integrity: sha512-OJykPaF4v8JidKNGz8c/q1lBO44sQNUQtq1KktJXdBLn1hPod5rE/Hko5ugKKZd+D2+o1a9MFGUEIUwO2YfgkQ==}
    engines: {node: '>=18'}
    cpu: [ia32]
    os: [linux]

  '@esbuild/linux-ia32@0.25.2':
    resolution: {integrity: sha512-bBYCv9obgW2cBP+2ZWfjYTU+f5cxRoGGQ5SeDbYdFCAZpYWrfjjfYwvUpP8MlKbP0nwZ5gyOU/0aUzZ5HWPuvQ==}
    engines: {node: '>=18'}
    cpu: [ia32]
    os: [linux]

  '@esbuild/linux-loong64@0.23.1':
    resolution: {integrity: sha512-Vx09LzEoBa5zDnieH8LSMRToj7ir/Jeq0Gu6qJ/1GcBq9GkfoEAoXvLiW1U9J1qE/Y/Oyaq33w5p2ZWrNNHNEw==}
    engines: {node: '>=18'}
    cpu: [loong64]
    os: [linux]

  '@esbuild/linux-loong64@0.25.1':
    resolution: {integrity: sha512-nGfornQj4dzcq5Vp835oM/o21UMlXzn79KobKlcs3Wz9smwiifknLy4xDCLUU0BWp7b/houtdrgUz7nOGnfIYg==}
    engines: {node: '>=18'}
    cpu: [loong64]
    os: [linux]

  '@esbuild/linux-loong64@0.25.2':
    resolution: {integrity: sha512-SHNGiKtvnU2dBlM5D8CXRFdd+6etgZ9dXfaPCeJtz+37PIUlixvlIhI23L5khKXs3DIzAn9V8v+qb1TRKrgT5w==}
    engines: {node: '>=18'}
    cpu: [loong64]
    os: [linux]

  '@esbuild/linux-mips64el@0.23.1':
    resolution: {integrity: sha512-nrFzzMQ7W4WRLNUOU5dlWAqa6yVeI0P78WKGUo7lg2HShq/yx+UYkeNSE0SSfSure0SqgnsxPvmAUu/vu0E+3Q==}
    engines: {node: '>=18'}
    cpu: [mips64el]
    os: [linux]

  '@esbuild/linux-mips64el@0.25.1':
    resolution: {integrity: sha512-1osBbPEFYwIE5IVB/0g2X6i1qInZa1aIoj1TdL4AaAb55xIIgbg8Doq6a5BzYWgr+tEcDzYH67XVnTmUzL+nXg==}
    engines: {node: '>=18'}
    cpu: [mips64el]
    os: [linux]

  '@esbuild/linux-mips64el@0.25.2':
    resolution: {integrity: sha512-hDDRlzE6rPeoj+5fsADqdUZl1OzqDYow4TB4Y/3PlKBD0ph1e6uPHzIQcv2Z65u2K0kpeByIyAjCmjn1hJgG0Q==}
    engines: {node: '>=18'}
    cpu: [mips64el]
    os: [linux]

  '@esbuild/linux-ppc64@0.23.1':
    resolution: {integrity: sha512-dKN8fgVqd0vUIjxuJI6P/9SSSe/mB9rvA98CSH2sJnlZ/OCZWO1DJvxj8jvKTfYUdGfcq2dDxoKaC6bHuTlgcw==}
    engines: {node: '>=18'}
    cpu: [ppc64]
    os: [linux]

  '@esbuild/linux-ppc64@0.25.1':
    resolution: {integrity: sha512-/6VBJOwUf3TdTvJZ82qF3tbLuWsscd7/1w+D9LH0W/SqUgM5/JJD0lrJ1fVIfZsqB6RFmLCe0Xz3fmZc3WtyVg==}
    engines: {node: '>=18'}
    cpu: [ppc64]
    os: [linux]
